[[package]]
category = "main"
description = "Easy to use progress bars"
name = "progress"
optional = false
python-versions = "*"
version = "1.5"

[[package]]
category = "main"
description = "Fast, Extensible Progress Meter"
name = "tqdm"
optional = false
python-versions = ">=2.6, !=3.0.*, !=3.1.*"
version = "4.47.0"

[package.extras]
dev = ["py-make (>=0.1.0)", "twine", "argopt", "pydoc-markdown"]

[metadata]
content-hash = "55c9779c6298f4653a61995acfdc0a2ffb97eb4cf1cd3b2b08e8a8885ee5195a"
python-versions = "^3.8"

[metadata.files]
progress = [
    {file = "progress-1.5.tar.gz", hash = "sha256:69ecedd1d1bbe71bf6313d88d1e6c4d2957b7f1d4f71312c211257f7dae64372"},
]
tqdm = [
    {file = "tqdm-4.47.0-py2.py3-none-any.whl", hash = "sha256:7810e627bcf9d983a99d9ff8a0c09674400fd2927eddabeadf153c14a2ec8656"},
    {file = "tqdm-4.47.0.tar.gz", hash = "sha256:63ef7a6d3eb39f80d6b36e4867566b3d8e5f1fe3d6cb50c5e9ede2b3198ba7b7"},
]
